
Microsoft Visual Studio Solution File, Format Version 12.00
# Visual Studio Version 16
VisualStudioVersion = 25.0.1706.1
MinimumVisualStudioVersion = 10.0.40219.1
Project("{FAE04EC0-301F-11D3-BF4B-00C04F79EFBC}") = "syserver.Server", "syserver\Server\syserver.Server.csproj", "{731016FE-4A7B-4074-BFE0-26763765218C}"
EndProject
Project("{FAE04EC0-301F-11D3-BF4B-00C04F79EFBC}") = "syserver.Client", "syserver\Client\syserver.Client.csproj", "{C4CAEB0C-672C-46A4-9219-3572E0C6989E}"
EndProject
Project("{FAE04EC0-301F-11D3-BF4B-00C04F79EFBC}") = "syserver.Shared", "syserver\Shared\syserver.Shared.csproj", "{59257C0B-C728-4082-A8C4-4DE1781BB250}"
EndProject
Global
	GlobalSection(SolutionConfigurationPlatforms) = preSolution
		Debug|Any CPU = Debug|Any CPU
		Release|Any CPU = Release|Any CPU
	EndGlobalSection
	GlobalSection(ProjectConfigurationPlatforms) = postSolution
		{731016FE-4A7B-4074-BFE0-26763765218C}.Debug|Any CPU.ActiveCfg = Debug|Any CPU
		{731016FE-4A7B-4074-BFE0-26763765218C}.Debug|Any CPU.Build.0 = Debug|Any CPU
		{731016FE-4A7B-4074-BFE0-26763765218C}.Release|Any CPU.ActiveCfg = Release|Any CPU
		{731016FE-4A7B-4074-BFE0-26763765218C}.Release|Any CPU.Build.0 = Release|Any CPU
		{C4CAEB0C-672C-46A4-9219-3572E0C6989E}.Debug|Any CPU.ActiveCfg = Debug|Any CPU
		{C4CAEB0C-672C-46A4-9219-3572E0C6989E}.Debug|Any CPU.Build.0 = Debug|Any CPU
		{C4CAEB0C-672C-46A4-9219-3572E0C6989E}.Release|Any CPU.ActiveCfg = Release|Any CPU
		{C4CAEB0C-672C-46A4-9219-3572E0C6989E}.Release|Any CPU.Build.0 = Release|Any CPU
		{59257C0B-C728-4082-A8C4-4DE1781BB250}.Debug|Any CPU.ActiveCfg = Debug|Any CPU
		{59257C0B-C728-4082-A8C4-4DE1781BB250}.Debug|Any CPU.Build.0 = Debug|Any CPU
		{59257C0B-C728-4082-A8C4-4DE1781BB250}.Release|Any CPU.ActiveCfg = Release|Any CPU
		{59257C0B-C728-4082-A8C4-4DE1781BB250}.Release|Any CPU.Build.0 = Release|Any CPU
	EndGlobalSection
	GlobalSection(SolutionProperties) = preSolution
		HideSolutionNode = FALSE
	EndGlobalSection
	GlobalSection(ExtensibilityGlobals) = postSolution
		SolutionGuid = {BF508549-CCCB-401D-819F-7C4342B5D692}
	EndGlobalSection
EndGlobal
